
Microsoft Visual Studio Solution File, Format Version 12.00
# Visual Studio Version 17
VisualStudioVersion = 17.4.33122.133
MinimumVisualStudioVersion = 10.0.40219.1
Project("{888888A0-9F3D-457C-B088-3A5042F75D52}") = "while", "while\while.pyproj", "{7F9A4BAF-24D2-4C03-8A7B-8F86B43DF3E7}"
EndProject
Global
	GlobalSection(SolutionConfigurationPlatforms) = preSolution
		Debug|Any CPU = Debug|Any CPU
		Release|Any CPU = Release|Any CPU
	EndGlobalSection
	GlobalSection(ProjectConfigurationPlatforms) = postSolution
		{7F9A4BAF-24D2-4C03-8A7B-8F86B43DF3E7}.Debug|Any CPU.ActiveCfg = Debug|Any CPU
		{7F9A4BAF-24D2-4C03-8A7B-8F86B43DF3E7}.Release|Any CPU.ActiveCfg = Release|Any CPU
	EndGlobalSection
	GlobalSection(SolutionProperties) = preSolution
		HideSolutionNode = FALSE
	EndGlobalSection
	GlobalSection(ExtensibilityGlobals) = postSolution
		SolutionGuid = {E4F843C9-55CC-4F63-A9BC-E74C4C3F6950}
	EndGlobalSection
EndGlobal
